
Microsoft Visual Studio Solution File, Format Version 12.00
# Visual Studio Version 16
VisualStudioVersion = 16.0.29409.12
MinimumVisualStudioVersion = 10.0.40219.1
Project("{FAE04EC0-301F-11D3-BF4B-00C04F79EFBC}") = "WebGridDemo", "WebGridDemo\WebGridDemo.csproj", "{9B9927D1-CA4F-4C3D-B48A-B835D3FC2D7E}"
EndProject
Global
	GlobalSection(SolutionConfigurationPlatforms) = preSolution
		Debug|Any CPU = Debug|Any CPU
		Release|Any CPU = Release|Any CPU
	EndGlobalSection
	GlobalSection(ProjectConfigurationPlatforms) = postSolution
		{9B9927D1-CA4F-4C3D-B48A-B835D3FC2D7E}.Debug|Any CPU.ActiveCfg = Debug|Any CPU
		{9B9927D1-CA4F-4C3D-B48A-B835D3FC2D7E}.Debug|Any CPU.Build.0 = Debug|Any CPU
		{9B9927D1-CA4F-4C3D-B48A-B835D3FC2D7E}.Release|Any CPU.ActiveCfg = Release|Any CPU
		{9B9927D1-CA4F-4C3D-B48A-B835D3FC2D7E}.Release|Any CPU.Build.0 = Release|Any CPU
	EndGlobalSection
	GlobalSection(SolutionProperties) = preSolution
		HideSolutionNode = FALSE
	EndGlobalSection
	GlobalSection(ExtensibilityGlobals) = postSolution
		SolutionGuid = {9E0F5468-968A-4646-B51B-7829AC373361}
	EndGlobalSection
EndGlobal
